{
  "name": "hangman-game",
  "version": "0.1.0",
  "lockfileVersion": 1,
  "requires": true,
  "dependencies": {
    "core-js": {
      "version": "2.5.3",
      "resolved": "https://registry.npmjs.org/core-js/-/core-js-2.5.3.tgz",
      "integrity": "sha1-isw4NFgk8W2DZbfJtCWRaOjtYD4="
    },
    "react-keydown": {
      "version": "1.9.6",
      "resolved": "https://registry.npmjs.org/react-keydown/-/react-keydown-1.9.6.tgz",
      "integrity": "sha512-xkfi8L/jbIGHujYOdkV2TGdx4e48+XDnMQi2Ib8mJS5ar+mBbxeJ1wXquSp08FrhcaCwdsZvVn15Lo8NUR1Z/A==",
      "requires": {
        "core-js": "2.5.3"
      }
    }
  }
}
